// !$*UTF8*$!
{
	archiveVersion = 1;
	classes = {
	};
	objectVersion = 50;
	objects = {

/* Begin PBXBuildFile section */
		5330E12826297532009C551E /* NewsTableViewController.swift in Sources */ = {isa = PBXBuildFile; fileRef = 5330E12726297532009C551E /* NewsTableViewController.swift */; };
		5330E13126299C37009C551E /* newsModel.swift in Sources */ = {isa = PBXBuildFile; fileRef = 5330E13026299C37009C551E /* newsModel.swift */; };
		53440ADA2637E78C00BDB2D6 /* GenerateViewController.swift in Sources */ = {isa = PBXBuildFile; fileRef = 53440AD92637E78C00BDB2D6 /* GenerateViewController.swift */; };
		53440ADF2637F41A00BDB2D6 /* APIPassGenMananger.swift in Sources */ = {isa = PBXBuildFile; fileRef = 53440ADE2637F41A00BDB2D6 /* APIPassGenMananger.swift */; };
		53584781264BE84000934FE0 /* PasswordList.xcdatamodeld in Sources */ = {isa = PBXBuildFile; fileRef = 5358477F264BE84000934FE0 /* PasswordList.xcdatamodeld */; };
		536877342637FF22006BDD4B /* newPasswordModel.swift in Sources */ = {isa = PBXBuildFile; fileRef = 536877332637FF22006BDD4B /* newPasswordModel.swift */; };
		53C37A5126314EE200F993A3 /* LeakDetailsViewController.swift in Sources */ = {isa = PBXBuildFile; fileRef = 53C37A5026314EE200F993A3 /* LeakDetailsViewController.swift */; };
		53CFA20D264D028800C372F2 /* ViewController.swift in Sources */ = {isa = PBXBuildFile; fileRef = 53CFA20C264D028800C372F2 /* ViewController.swift */; };
		53CFA21A264D16CD00C372F2 /* PasswordCellDataViewController.swift in Sources */ = {isa = PBXBuildFile; fileRef = 53CFA219264D16CD00C372F2 /* PasswordCellDataViewController.swift */; };
		53E428B92624536F00535118 /* AppDelegate.swift in Sources */ = {isa = PBXBuildFile; fileRef = 53E428B82624536F00535118 /* AppDelegate.swift */; };
		53E428BB2624536F00535118 /* SceneDelegate.swift in Sources */ = {isa = PBXBuildFile; fileRef = 53E428BA2624536F00535118 /* SceneDelegate.swift */; };
		53E428C02624536F00535118 /* Main.storyboard in Resources */ = {isa = PBXBuildFile; fileRef = 53E428BE2624536F00535118 /* Main.storyboard */; };
		53E428C22624537200535118 /* Assets.xcassets in Resources */ = {isa = PBXBuildFile; fileRef = 53E428C12624537200535118 /* Assets.xcassets */; };
		53E428C52624537200535118 /* LaunchScreen.storyboard in Resources */ = {isa = PBXBuildFile; fileRef = 53E428C32624537200535118 /* LaunchScreen.storyboard */; };
		53E428CE2625709F00535118 /* APIPasswordManager.swift in Sources */ = {isa = PBXBuildFile; fileRef = 53E428CD2625709F00535118 /* APIPasswordManager.swift */; };
		53E46DC5264BEFB7004CC692 /* PasswordStorageTableView.swift in Sources */ = {isa = PBXBuildFile; fileRef = 53E46DC4264BEFB7004CC692 /* PasswordStorageTableView.swift */; };
		53F43338262D7A4600D935E0 /* APIBreachesManager.swift in Sources */ = {isa = PBXBuildFile; fileRef = 53F43337262D7A4600D935E0 /* APIBreachesManager.swift */; };
/* End PBXBuildFile section */

/* Begin PBXFileReference section */
		5330E12726297532009C551E /* NewsTableViewController.swift */ = {isa = PBXFileReference; lastKnownFileType = sourcecode.swift; path = NewsTableViewController.swift; sourceTree = "<group>"; };
		5330E13026299C37009C551E /* newsModel.swift */ = {isa = PBXFileReference; lastKnownFileType = sourcecode.swift; path = newsModel.swift; sourceTree = "<group>"; };
		53440AD92637E78C00BDB2D6 /* GenerateViewController.swift */ = {isa = PBXFileReference; lastKnownFileType = sourcecode.swift; path = GenerateViewController.swift; sourceTree = "<group>"; };
		53440ADE2637F41A00BDB2D6 /* APIPassGenMananger.swift */ = {isa = PBXFileReference; lastKnownFileType = sourcecode.swift; path = APIPassGenMananger.swift; sourceTree = "<group>"; };
		53584780264BE84000934FE0 /* PasswordList.xcdatamodel */ = {isa = PBXFileReference; lastKnownFileType = wrapper.xcdatamodel; path = PasswordList.xcdatamodel; sourceTree = "<group>"; };
		536877332637FF22006BDD4B /* newPasswordModel.swift */ = {isa = PBXFileReference; lastKnownFileType = sourcecode.swift; path = newPasswordModel.swift; sourceTree = "<group>"; };
		53C37A5026314EE200F993A3 /* LeakDetailsViewController.swift */ = {isa = PBXFileReference; lastKnownFileType = sourcecode.swift; path = LeakDetailsViewController.swift; sourceTree = "<group>"; };
		53CFA20C264D028800C372F2 /* ViewController.swift */ = {isa = PBXFileReference; lastKnownFileType = sourcecode.swift; path = ViewController.swift; sourceTree = "<group>"; };
		53CFA219264D16CD00C372F2 /* PasswordCellDataViewController.swift */ = {isa = PBXFileReference; lastKnownFileType = sourcecode.swift; path = PasswordCellDataViewController.swift; sourceTree = "<group>"; };
		53E428B52624536F00535118 /* leakedPasswordInterface.app */ = {isa = PBXFileReference; explicitFileType = wrapper.application; includeInIndex = 0; path = leakedPasswordInterface.app; sourceTree = BUILT_PRODUCTS_DIR; };
		53E428B82624536F00535118 /* AppDelegate.swift */ = {isa = PBXFileReference; lastKnownFileType = sourcecode.swift; path = AppDelegate.swift; sourceTree = "<group>"; };
		53E428BA2624536F00535118 /* SceneDelegate.swift */ = {isa = PBXFileReference; lastKnownFileType = sourcecode.swift; path = SceneDelegate.swift; sourceTree = "<group>"; };
		53E428BF2624536F00535118 /* Base */ = {isa = PBXFileReference; lastKnownFileType = file.storyboard; name = Base; path = Base.lproj/Main.storyboard; sourceTree = "<group>"; };
		53E428C12624537200535118 /* Assets.xcassets */ = {isa = PBXFileReference; lastKnownFileType = folder.assetcatalog; path = Assets.xcassets; sourceTree = "<group>"; };
		53E428C42624537200535118 /* Base */ = {isa = PBXFileReference; lastKnownFileType = file.storyboard; name = Base; path = Base.lproj/LaunchScreen.storyboard; sourceTree = "<group>"; };
		53E428C62624537200535118 /* Info.plist */ = {isa = PBXFileReference; lastKnownFileType = text.plist.xml; path = Info.plist; sourceTree = "<group>"; };
		53E428CD2625709F00535118 /* APIPasswordManager.swift */ = {isa = PBXFileReference; lastKnownFileType = sourcecode.swift; path = APIPasswordManager.swift; sourceTree = "<group>"; };
		53E46DC4264BEFB7004CC692 /* PasswordStorageTableView.swift */ = {isa = PBXFileReference; lastKnownFileType = sourcecode.swift; path = PasswordStorageTableView.swift; sourceTree = "<group>"; };
		53F43337262D7A4600D935E0 /* APIBreachesManager.swift */ = {isa = PBXFileReference; lastKnownFileType = sourcecode.swift; path = APIBreachesManager.swift; sourceTree = "<group>"; };
/* End PBXFileReference section */

/* Begin PBXFrameworksBuildPhase section */
		53E428B22624536F00535118 /* Frameworks */ = {
			isa = PBXFrameworksBuildPhase;
			buildActionMask = 2147483647;
			files = (
			);
			runOnlyForDeploymentPostprocessing = 0;
		};
/* End PBXFrameworksBuildPhase section */

/* Begin PBXGroup section */
		5330E12F26299C12009C551E /* Models */ = {
			isa = PBXGroup;
			children = (
				5330E13026299C37009C551E /* newsModel.swift */,
				536877332637FF22006BDD4B /* newPasswordModel.swift */,
			);
			path = Models;
			sourceTree = "<group>";
		};
		53CFA215264D11B000C372F2 /* Helpers */ = {
			isa = PBXGroup;
			children = (
				53E428CD2625709F00535118 /* APIPasswordManager.swift */,
				53F43337262D7A4600D935E0 /* APIBreachesManager.swift */,
				53440ADE2637F41A00BDB2D6 /* APIPassGenMananger.swift */,
			);
			path = Helpers;
			sourceTree = "<group>";
		};
		53CFA216264D11D000C372F2 /* Controllers */ = {
			isa = PBXGroup;
			children = (
				53CFA20C264D028800C372F2 /* ViewController.swift */,
				5330E12726297532009C551E /* NewsTableViewController.swift */,
				53C37A5026314EE200F993A3 /* LeakDetailsViewController.swift */,
				53CFA219264D16CD00C372F2 /* PasswordCellDataViewController.swift */,
				53440AD92637E78C00BDB2D6 /* GenerateViewController.swift */,
				53E46DC4264BEFB7004CC692 /* PasswordStorageTableView.swift */,
			);
			path = Controllers;
			sourceTree = "<group>";
		};
		53E428AC2624536F00535118 = {
			isa = PBXGroup;
			children = (
				53E428B72624536F00535118 /* leakedPasswordInterface */,
				53E428B62624536F00535118 /* Products */,
			);
			sourceTree = "<group>";
		};
		53E428B62624536F00535118 /* Products */ = {
			isa = PBXGroup;
			children = (
				53E428B52624536F00535118 /* leakedPasswordInterface.app */,
			);
			name = Products;
			sourceTree = "<group>";
		};
		53E428B72624536F00535118 /* leakedPasswordInterface */ = {
			isa = PBXGroup;
			children = (
				53E428B82624536F00535118 /* AppDelegate.swift */,
				53E428BA2624536F00535118 /* SceneDelegate.swift */,
				53CFA216264D11D000C372F2 /* Controllers */,
				53CFA215264D11B000C372F2 /* Helpers */,
				5330E12F26299C12009C551E /* Models */,
				53E428BE2624536F00535118 /* Main.storyboard */,
				53E428C12624537200535118 /* Assets.xcassets */,
				53E428C32624537200535118 /* LaunchScreen.storyboard */,
				53E428C62624537200535118 /* Info.plist */,
				5358477F264BE84000934FE0 /* PasswordList.xcdatamodeld */,
			);
			path = leakedPasswordInterface;
			sourceTree = "<group>";
		};
/* End PBXGroup section */

/* Begin PBXNativeTarget section */
		53E428B42624536F00535118 /* leakedPasswordInterface */ = {
			isa = PBXNativeTarget;
			buildConfigurationList = 53E428C92624537200535118 /* Build configuration list for PBXNativeTarget "leakedPasswordInterface" */;
			buildPhases = (
				53E428B12624536F00535118 /* Sources */,
				53E428B22624536F00535118 /* Frameworks */,
				53E428B32624536F00535118 /* Resources */,
			);
			buildRules = (
			);
			dependencies = (
			);
			name = leakedPasswordInterface;
			productName = leakedPasswordInterface;
			productReference = 53E428B52624536F00535118 /* leakedPasswordInterface.app */;
			productType = "com.apple.product-type.application";
		};
/* End PBXNativeTarget section */

/* Begin PBXProject section */
		53E428AD2624536F00535118 /* Project object */ = {
			isa = PBXProject;
			attributes = {
				LastSwiftUpdateCheck = 1240;
				LastUpgradeCheck = 1240;
				TargetAttributes = {
					53E428B42624536F00535118 = {
						CreatedOnToolsVersion = 12.4;
					};
				};
			};
			buildConfigurationList = 53E428B02624536F00535118 /* Build configuration list for PBXProject "leakedPasswordInterface" */;
			compatibilityVersion = "Xcode 9.3";
			developmentRegion = en;
			hasScannedForEncodings = 0;
			knownRegions = (
				en,
				Base,
			);
			mainGroup = 53E428AC2624536F00535118;
			productRefGroup = 53E428B62624536F00535118 /* Products */;
			projectDirPath = "";
			projectRoot = "";
			targets = (
				53E428B42624536F00535118 /* leakedPasswordInterface */,
			);
		};
/* End PBXProject section */

/* Begin PBXResourcesBuildPhase section */
		53E428B32624536F00535118 /* Resources */ = {
			isa = PBXResourcesBuildPhase;
			buildActionMask = 2147483647;
			files = (
				53E428C52624537200535118 /* LaunchScreen.storyboard in Resources */,
				53E428C22624537200535118 /* Assets.xcassets in Resources */,
				53E428C02624536F00535118 /* Main.storyboard in Resources */,
			);
			runOnlyForDeploymentPostprocessing = 0;
		};
/* End PBXResourcesBuildPhase section */

/* Begin PBXSourcesBuildPhase section */
		53E428B12624536F00535118 /* Sources */ = {
			isa = PBXSourcesBuildPhase;
			buildActionMask = 2147483647;
			files = (
				53C37A5126314EE200F993A3 /* LeakDetailsViewController.swift in Sources */,
				53440ADA2637E78C00BDB2D6 /* GenerateViewController.swift in Sources */,
				53440ADF2637F41A00BDB2D6 /* APIPassGenMananger.swift in Sources */,
				53584781264BE84000934FE0 /* PasswordList.xcdatamodeld in Sources */,
				53E46DC5264BEFB7004CC692 /* PasswordStorageTableView.swift in Sources */,
				5330E13126299C37009C551E /* newsModel.swift in Sources */,
				53E428B92624536F00535118 /* AppDelegate.swift in Sources */,
				53CFA21A264D16CD00C372F2 /* PasswordCellDataViewController.swift in Sources */,
				536877342637FF22006BDD4B /* newPasswordModel.swift in Sources */,
				53CFA20D264D028800C372F2 /* ViewController.swift in Sources */,
				53F43338262D7A4600D935E0 /* APIBreachesManager.swift in Sources */,
				53E428BB2624536F00535118 /* SceneDelegate.swift in Sources */,
				5330E12826297532009C551E /* NewsTableViewController.swift in Sources */,
				53E428CE2625709F00535118 /* APIPasswordManager.swift in Sources */,
			);
			runOnlyForDeploymentPostprocessing = 0;
		};
/* End PBXSourcesBuildPhase section */

/* Begin PBXVariantGroup section */
		53E428BE2624536F00535118 /* Main.storyboard */ = {
			isa = PBXVariantGroup;
			children = (
				53E428BF2624536F00535118 /* Base */,
			);
			name = Main.storyboard;
			sourceTree = "<group>";
		};
		53E428C32624537200535118 /* LaunchScreen.storyboard */ = {
			isa = PBXVariantGroup;
			children = (
				53E428C42624537200535118 /* Base */,
			);
			name = LaunchScreen.storyboard;
			sourceTree = "<group>";
		};
/* End PBXVariantGroup section */

/* Begin XCBuildConfiguration section */
		53E428C72624537200535118 /* Debug */ = {
			isa = XCBuildConfiguration;
			buildSettings = {
				ALWAYS_SEARCH_USER_PATHS = NO;
				CLANG_ANALYZER_NONNULL = YES;
				CLANG_ANALYZER_NUMBER_OBJECT_CONVERSION = YES_AGGRESSIVE;
				CLANG_CXX_LANGUAGE_STANDARD = "gnu++14";
				CLANG_CXX_LIBRARY = "libc++";
				CLANG_ENABLE_MODULES = YES;
				CLANG_ENABLE_OBJC_ARC = YES;
				CLANG_ENABLE_OBJC_WEAK = YES;
				CLANG_WARN_BLOCK_CAPTURE_AUTORELEASING = YES;
				CLANG_WARN_BOOL_CONVERSION = YES;
				CLANG_WARN_COMMA = YES;
				CLANG_WARN_CONSTANT_CONVERSION = YES;
				CLANG_WARN_DEPRECATED_OBJC_IMPLEMENTATIONS = YES;
				CLANG_WARN_DIRECT_OBJC_ISA_USAGE = YES_ERROR;
				CLANG_WARN_DOCUMENTATION_COMMENTS = YES;
				CLANG_WARN_EMPTY_BODY = YES;
				CLANG_WARN_ENUM_CONVERSION = YES;
				CLANG_WARN_INFINITE_RECURSION = YES;
				CLANG_WARN_INT_CONVERSION = YES;
				CLANG_WARN_NON_LITERAL_NULL_CONVERSION = YES;
				CLANG_WARN_OBJC_IMPLICIT_RETAIN_SELF = YES;
				CLANG_WARN_OBJC_LITERAL_CONVERSION = YES;
				CLANG_WARN_OBJC_ROOT_CLASS = YES_ERROR;
				CLANG_WARN_QUOTED_INCLUDE_IN_FRAMEWORK_HEADER = YES;
				CLANG_WARN_RANGE_LOOP_ANALYSIS = YES;
				CLANG_WARN_STRICT_PROTOTYPES = YES;
				CLANG_WARN_SUSPICIOUS_MOVE = YES;
				CLANG_WARN_UNGUARDED_AVAILABILITY = YES_AGGRESSIVE;
				CLANG_WARN_UNREACHABLE_CODE = YES;
				CLANG_WARN__DUPLICATE_METHOD_MATCH = YES;
				COPY_PHASE_STRIP = NO;
				DEBUG_INFORMATION_FORMAT = dwarf;
				ENABLE_STRICT_OBJC_MSGSEND = YES;
				ENABLE_TESTABILITY = YES;
				GCC_C_LANGUAGE_STANDARD = gnu11;
				GCC_DYNAMIC_NO_PIC = NO;
				GCC_NO_COMMON_BLOCKS = YES;
				GCC_OPTIMIZATION_LEVEL = 0;
				GCC_PREPROCESSOR_DEFINITIONS = (
					"DEBUG=1",
					"$(inherited)",
				);
				GCC_WARN_64_TO_32_BIT_CONVERSION = YES;
				GCC_WARN_ABOUT_RETURN_TYPE = YES_ERROR;
				GCC_WARN_UNDECLARED_SELECTOR = YES;
				GCC_WARN_UNINITIALIZED_AUTOS = YES_AGGRESSIVE;
				GCC_WARN_UNUSED_FUNCTION = YES;
				GCC_WARN_UNUSED_VARIABLE = YES;
				IPHONEOS_DEPLOYMENT_TARGET = 14.4;
				MTL_ENABLE_DEBUG_INFO = INCLUDE_SOURCE;
				MTL_FAST_MATH = YES;
				ONLY_ACTIVE_ARCH = YES;
				SDKROOT = iphoneos;
				SWIFT_ACTIVE_COMPILATION_CONDITIONS = DEBUG;
				SWIFT_OPTIMIZATION_LEVEL = "-Onone";
			};
			name = Debug;
		};
		53E428C82624537200535118 /* Release */ = {
			isa = XCBuildConfiguration;
			buildSettings = {
				ALWAYS_SEARCH_USER_PATHS = NO;
				CLANG_ANALYZER_NONNULL = YES;
				CLANG_ANALYZER_NUMBER_OBJECT_CONVERSION = YES_AGGRESSIVE;
				CLANG_CXX_LANGUAGE_STANDARD = "gnu++14";
				CLANG_CXX_LIBRARY = "libc++";
				CLANG_ENABLE_MODULES = YES;
				CLANG_ENABLE_OBJC_ARC = YES;
				CLANG_ENABLE_OBJC_WEAK = YES;
				CLANG_WARN_BLOCK_CAPTURE_AUTORELEASING = YES;
				CLANG_WARN_BOOL_CONVERSION = YES;
				CLANG_WARN_COMMA = YES;
				CLANG_WARN_CONSTANT_CONVERSION = YES;
				CLANG_WARN_DEPRECATED_OBJC_IMPLEMENTATIONS = YES;
				CLANG_WARN_DIRECT_OBJC_ISA_USAGE = YES_ERROR;
				CLANG_WARN_DOCUMENTATION_COMMENTS = YES;
				CLANG_WARN_EMPTY_BODY = YES;
				CLANG_WARN_ENUM_CONVERSION = YES;
				CLANG_WARN_INFINITE_RECURSION = YES;
				CLANG_WARN_INT_CONVERSION = YES;
				CLANG_WARN_NON_LITERAL_NULL_CONVERSION = YES;
				CLANG_WARN_OBJC_IMPLICIT_RETAIN_SELF = YES;
				CLANG_WARN_OBJC_LITERAL_CONVERSION = YES;
				CLANG_WARN_OBJC_ROOT_CLASS = YES_ERROR;
				CLANG_WARN_QUOTED_INCLUDE_IN_FRAMEWORK_HEADER = YES;
				CLANG_WARN_RANGE_LOOP_ANALYSIS = YES;
				CLANG_WARN_STRICT_PROTOTYPES = YES;
				CLANG_WARN_SUSPICIOUS_MOVE = YES;
				CLANG_WARN_UNGUARDED_AVAILABILITY = YES_AGGRESSIVE;
				CLANG_WARN_UNREACHABLE_CODE = YES;
				CLANG_WARN__DUPLICATE_METHOD_MATCH = YES;
				COPY_PHASE_STRIP = NO;
				DEBUG_INFORMATION_FORMAT = "dwarf-with-dsym";
				ENABLE_NS_ASSERTIONS = NO;
				ENABLE_STRICT_OBJC_MSGSEND = YES;
				GCC_C_LANGUAGE_STANDARD = gnu11;
				GCC_NO_COMMON_BLOCKS = YES;
				GCC_WARN_64_TO_32_BIT_CONVERSION = YES;
				GCC_WARN_ABOUT_RETURN_TYPE = YES_ERROR;
				GCC_WARN_UNDECLARED_SELECTOR = YES;
				GCC_WARN_UNINITIALIZED_AUTOS = YES_AGGRESSIVE;
				GCC_WARN_UNUSED_FUNCTION = YES;
				GCC_WARN_UNUSED_VARIABLE = YES;
				IPHONEOS_DEPLOYMENT_TARGET = 14.4;
				MTL_ENABLE_DEBUG_INFO = NO;
				MTL_FAST_MATH = YES;
				SDKROOT = iphoneos;
				SWIFT_COMPILATION_MODE = wholemodule;
				SWIFT_OPTIMIZATION_LEVEL = "-O";
				VALIDATE_PRODUCT = YES;
			};
			name = Release;
		};
		53E428CA2624537200535118 /* Debug */ = {
			isa = XCBuildConfiguration;
			buildSettings = {
				ASSETCATALOG_COMPILER_APPICON_NAME = AppIcon;
				ASSETCATALOG_COMPILER_GLOBAL_ACCENT_COLOR_NAME = AccentColor;
				CODE_SIGN_STYLE = Automatic;
				DEVELOPMENT_TEAM = HKZ6SL8ND7;
				INFOPLIST_FILE = leakedPasswordInterface/Info.plist;
				LD_RUNPATH_SEARCH_PATHS = (
					"$(inherited)",
					"@executable_path/Frameworks",
				);
				PRODUCT_BUNDLE_IDENTIFIER = yourself.leakedPasswordInterface;
				PRODUCT_NAME = "$(TARGET_NAME)";
				SWIFT_VERSION = 5.0;
				TARGETED_DEVICE_FAMILY = 1;
			};
			name = Debug;
		};
		53E428CB2624537200535118 /* Release */ = {
			isa = XCBuildConfiguration;
			buildSettings = {
				ASSETCATALOG_COMPILER_APPICON_NAME = AppIcon;
				ASSETCATALOG_COMPILER_GLOBAL_ACCENT_COLOR_NAME = AccentColor;
				CODE_SIGN_STYLE = Automatic;
				DEVELOPMENT_TEAM = HKZ6SL8ND7;
				INFOPLIST_FILE = leakedPasswordInterface/Info.plist;
				LD_RUNPATH_SEARCH_PATHS = (
					"$(inherited)",
					"@executable_path/Frameworks",
				);
				PRODUCT_BUNDLE_IDENTIFIER = yourself.leakedPasswordInterface;
				PRODUCT_NAME = "$(TARGET_NAME)";
				SWIFT_VERSION = 5.0;
				TARGETED_DEVICE_FAMILY = 1;
			};
			name = Release;
		};
/* End XCBuildConfiguration section */

/* Begin XCConfigurationList section */
		53E428B02624536F00535118 /* Build configuration list for PBXProject "leakedPasswordInterface" */ = {
			isa = XCConfigurationList;
			buildConfigurations = (
				53E428C72624537200535118 /* Debug */,
				53E428C82624537200535118 /* Release */,
			);
			defaultConfigurationIsVisible = 0;
			defaultConfigurationName = Release;
		};
		53E428C92624537200535118 /* Build configuration list for PBXNativeTarget "leakedPasswordInterface" */ = {
			isa = XCConfigurationList;
			buildConfigurations = (
				53E428CA2624537200535118 /* Debug */,
				53E428CB2624537200535118 /* Release */,
			);
			defaultConfigurationIsVisible = 0;
			defaultConfigurationName = Release;
		};
/* End XCConfigurationList section */

/* Begin XCVersionGroup section */
		5358477F264BE84000934FE0 /* PasswordList.xcdatamodeld */ = {
			isa = XCVersionGroup;
			children = (
				53584780264BE84000934FE0 /* PasswordList.xcdatamodel */,
			);
			currentVersion = 53584780264BE84000934FE0 /* PasswordList.xcdatamodel */;
			path = PasswordList.xcdatamodeld;
			sourceTree = "<group>";
			versionGroupType = wrapper.xcdatamodel;
		};
/* End XCVersionGroup section */
	};
	rootObject = 53E428AD2624536F00535118 /* Project object */;
}
